
Microsoft Visual Studio Solution File, Format Version 12.00
# Visual Studio for Mac
Project("{FAE04EC0-301F-11D3-BF4B-00C04F79EFBC}") = "Level", "Assembly-CSharp.csproj", "{CC22E7BB-799E-A0D1-698C-4D832BB61400}"
EndProject
Project("{FAE04EC0-301F-11D3-BF4B-00C04F79EFBC}") = "Level", "Assembly-CSharp-Editor.csproj", "{C3CB7616-CA7F-C019-1CDD-A2BB1DD4FDCE}"
EndProject
Global
	GlobalSection(SolutionConfigurationPlatforms) = preSolution
		Debug|Any CPU = Debug|Any CPU
		Release|Any CPU = Release|Any CPU
	EndGlobalSection
	GlobalSection(ProjectConfigurationPlatforms) = postSolution
		{CC22E7BB-799E-A0D1-698C-4D832BB61400}.Debug|Any CPU.ActiveCfg = Debug|Any CPU
		{CC22E7BB-799E-A0D1-698C-4D832BB61400}.Debug|Any CPU.Build.0 = Debug|Any CPU
		{CC22E7BB-799E-A0D1-698C-4D832BB61400}.Release|Any CPU.ActiveCfg = Release|Any CPU
		{CC22E7BB-799E-A0D1-698C-4D832BB61400}.Release|Any CPU.Build.0 = Release|Any CPU
		{C3CB7616-CA7F-C019-1CDD-A2BB1DD4FDCE}.Debug|Any CPU.ActiveCfg = Debug|Any CPU
		{C3CB7616-CA7F-C019-1CDD-A2BB1DD4FDCE}.Debug|Any CPU.Build.0 = Debug|Any CPU
		{C3CB7616-CA7F-C019-1CDD-A2BB1DD4FDCE}.Release|Any CPU.ActiveCfg = Release|Any CPU
		{C3CB7616-CA7F-C019-1CDD-A2BB1DD4FDCE}.Release|Any CPU.Build.0 = Release|Any CPU
	EndGlobalSection
	GlobalSection(SolutionProperties) = preSolution
		HideSolutionNode = FALSE
	EndGlobalSection
EndGlobal
